{
  "name": "deskive",
  "version": "1.0.0",
  "lockfileVersion": 2,
  "requires": true,
  "packages": {
    "": {
      "name": "deskive",
      "version": "1.0.0",
      "dependencies": {
        "core": "file:"
      }
    },
    "node_modules/core": {
      "resolved": "",
      "link": true
    }
  },
  "dependencies": {
    "core": {
      "version": "file:",
      "requires": {
        "core": "file:"
      }
    }
  }
}
